// !$*UTF8*$!
{
	archiveVersion = 1;
	classes = {
	};
	objectVersion = 46;
	objects = {

/* Begin PBXBuildFile section */
		85C83EEF15A38C600037E342 /* Cocoa.framework in Frameworks */ = {isa = PBXBuildFile; fileRef = 85C83EEE15A38C600037E342 /* Cocoa.framework */; };
		85C83EF915A38C600037E342 /* InfoPlist.strings in Resources */ = {isa = PBXBuildFile; fileRef = 85C83EF715A38C600037E342 /* InfoPlist.strings */; };
		85C83EFB15A38C600037E342 /* main.m in Sources */ = {isa = PBXBuildFile; fileRef = 85C83EFA15A38C600037E342 /* main.m */; };
		85C83EFF15A38C600037E342 /* Credits.rtf in Resources */ = {isa = PBXBuildFile; fileRef = 85C83EFD15A38C600037E342 /* Credits.rtf */; };
		85C83F0215A38C600037E342 /* CIAppDelegate.m in Sources */ = {isa = PBXBuildFile; fileRef = 85C83F0115A38C600037E342 /* CIAppDelegate.m */; };
		85C83F0515A38C600037E342 /* MainMenu.xib in Resources */ = {isa = PBXBuildFile; fileRef = 85C83F0315A38C600037E342 /* MainMenu.xib */; };
		85C83F0D15A38C600037E342 /* SenTestingKit.framework in Frameworks */ = {isa = PBXBuildFile; fileRef = 85C83F0C15A38C600037E342 /* SenTestingKit.framework */; };
		85C83F0E15A38C600037E342 /* Cocoa.framework in Frameworks */ = {isa = PBXBuildFile; fileRef = 85C83EEE15A38C600037E342 /* Cocoa.framework */; };
		85C83F1615A38C600037E342 /* InfoPlist.strings in Resources */ = {isa = PBXBuildFile; fileRef = 85C83F1415A38C600037E342 /* InfoPlist.strings */; };
		85C83F1915A38C600037E342 /* CookieTests.m in Sources */ = {isa = PBXBuildFile; fileRef = 85C83F1815A38C600037E342 /* CookieTests.m */; };
		85C83F4115A3A9100037E342 /* add_recipe.png in Resources */ = {isa = PBXBuildFile; fileRef = 85C83F3D15A3A9100037E342 /* add_recipe.png */; };
		85C83F4215A3A9100037E342 /* del_recipe.png in Resources */ = {isa = PBXBuildFile; fileRef = 85C83F3E15A3A9100037E342 /* del_recipe.png */; };
		85C83F4315A3A9100037E342 /* edit_recipe.png in Resources */ = {isa = PBXBuildFile; fileRef = 85C83F3F15A3A9100037E342 /* edit_recipe.png */; };
		85C83F4415A3A9100037E342 /* Recipe-Book-icon.png in Resources */ = {isa = PBXBuildFile; fileRef = 85C83F4015A3A9100037E342 /* Recipe-Book-icon.png */; };
		85C83F4C15A3BD450037E342 /* CIRecipeDataSource.m in Sources */ = {isa = PBXBuildFile; fileRef = 85C83F4B15A3BD450037E342 /* CIRecipeDataSource.m */; };
		85C83F5015A3BEE40037E342 /* CIRecipe.m in Sources */ = {isa = PBXBuildFile; fileRef = 85C83F4F15A3BEE40037E342 /* CIRecipe.m */; };
		85C83F5315A3BF7D0037E342 /* CIIngredient.m in Sources */ = {isa = PBXBuildFile; fileRef = 85C83F5215A3BF7D0037E342 /* CIIngredient.m */; };
		E97033CD15A7362D00B6622A /* CIImportController.m in Sources */ = {isa = PBXBuildFile; fileRef = E97033CC15A7362D00B6622A /* CIImportController.m */; };
		E9891FCC15A8E8C6001F3031 /* CIIngredientDataSource.m in Sources */ = {isa = PBXBuildFile; fileRef = E9891FCB15A8E8C6001F3031 /* CIIngredientDataSource.m */; };
		E9891FCF15A90FEE001F3031 /* CIDeleteRecipeController.m in Sources */ = {isa = PBXBuildFile; fileRef = E9891FCE15A90FEE001F3031 /* CIDeleteRecipeController.m */; };
		E9891FD215A9156D001F3031 /* CIExportController.m in Sources */ = {isa = PBXBuildFile; fileRef = E9891FD115A9156D001F3031 /* CIExportController.m */; };
		E99204B415A5BB8F00BCBD66 /* CIAddIngredientDataSource.m in Sources */ = {isa = PBXBuildFile; fileRef = E99204B315A5BB8F00BCBD66 /* CIAddIngredientDataSource.m */; };
		E9AD807715A4BA0F009B77CE /* CIAddSheetController.m in Sources */ = {isa = PBXBuildFile; fileRef = E9AD807615A4BA0F009B77CE /* CIAddSheetController.m */; };
		E9F046DE15A4984F003F2456 /* CIRecipeCell.m in Sources */ = {isa = PBXBuildFile; fileRef = E9F046DD15A4984F003F2456 /* CIRecipeCell.m */; };
		F14E9E6415A3A32500216FA6 /* CIWindowController.m in Sources */ = {isa = PBXBuildFile; fileRef = F14E9E6315A3A32500216FA6 /* CIWindowController.m */; };
/* End PBXBuildFile section */

/* Begin PBXContainerItemProxy section */
		85C83F0F15A38C600037E342 /* PBXContainerItemProxy */ = {
			isa = PBXContainerItemProxy;
			containerPortal = 85C83EE115A38C600037E342 /* Project object */;
			proxyType = 1;
			remoteGlobalIDString = 85C83EE915A38C600037E342;
			remoteInfo = Cookie;
		};
/* End PBXContainerItemProxy section */

/* Begin PBXFileReference section */
		85C83EEA15A38C600037E342 /* Cookie.app */ = {isa = PBXFileReference; explicitFileType = wrapper.application; includeInIndex = 0; path = Cookie.app; sourceTree = BUILT_PRODUCTS_DIR; };
		85C83EEE15A38C600037E342 /* Cocoa.framework */ = {isa = PBXFileReference; lastKnownFileType = wrapper.framework; name = Cocoa.framework; path = System/Library/Frameworks/Cocoa.framework; sourceTree = SDKROOT; };
		85C83EF115A38C600037E342 /* AppKit.framework */ = {isa = PBXFileReference; lastKnownFileType = wrapper.framework; name = AppKit.framework; path = System/Library/Frameworks/AppKit.framework; sourceTree = SDKROOT; };
		85C83EF215A38C600037E342 /* CoreData.framework */ = {isa = PBXFileReference; lastKnownFileType = wrapper.framework; name = CoreData.framework; path = System/Library/Frameworks/CoreData.framework; sourceTree = SDKROOT; };
		85C83EF315A38C600037E342 /* Foundation.framework */ = {isa = PBXFileReference; lastKnownFileType = wrapper.framework; name = Foundation.framework; path = System/Library/Frameworks/Foundation.framework; sourceTree = SDKROOT; };
		85C83EF615A38C600037E342 /* Cookie-Info.plist */ = {isa = PBXFileReference; lastKnownFileType = text.plist.xml; path = "Cookie-Info.plist"; sourceTree = "<group>"; };
		85C83EF815A38C600037E342 /* en */ = {isa = PBXFileReference; lastKnownFileType = text.plist.strings; name = en; path = en.lproj/InfoPlist.strings; sourceTree = "<group>"; };
		85C83EFA15A38C600037E342 /* main.m */ = {isa = PBXFileReference; lastKnownFileType = sourcecode.c.objc; path = main.m; sourceTree = "<group>"; };
		85C83EFC15A38C600037E342 /* Cookie-Prefix.pch */ = {isa = PBXFileReference; lastKnownFileType = sourcecode.c.h; path = "Cookie-Prefix.pch"; sourceTree = "<group>"; };
		85C83EFE15A38C600037E342 /* en */ = {isa = PBXFileReference; lastKnownFileType = text.rtf; name = en; path = en.lproj/Credits.rtf; sourceTree = "<group>"; };
		85C83F0015A38C600037E342 /* CIAppDelegate.h */ = {isa = PBXFileReference; lastKnownFileType = sourcecode.c.h; path = CIAppDelegate.h; sourceTree = "<group>"; };
		85C83F0115A38C600037E342 /* CIAppDelegate.m */ = {isa = PBXFileReference; lastKnownFileType = sourcecode.c.objc; path = CIAppDelegate.m; sourceTree = "<group>"; };
		85C83F0415A38C600037E342 /* en */ = {isa = PBXFileReference; lastKnownFileType = file.xib; name = en; path = en.lproj/MainMenu.xib; sourceTree = "<group>"; };
		85C83F0B15A38C600037E342 /* CookieTests.octest */ = {isa = PBXFileReference; explicitFileType = wrapper.cfbundle; includeInIndex = 0; path = CookieTests.octest; sourceTree = BUILT_PRODUCTS_DIR; };
		85C83F0C15A38C600037E342 /* SenTestingKit.framework */ = {isa = PBXFileReference; lastKnownFileType = wrapper.framework; name = SenTestingKit.framework; path = Library/Frameworks/SenTestingKit.framework; sourceTree = DEVELOPER_DIR; };
		85C83F1315A38C600037E342 /* CookieTests-Info.plist */ = {isa = PBXFileReference; lastKnownFileType = text.plist.xml; path = "CookieTests-Info.plist"; sourceTree = "<group>"; };
		85C83F1515A38C600037E342 /* en */ = {isa = PBXFileReference; lastKnownFileType = text.plist.strings; name = en; path = en.lproj/InfoPlist.strings; sourceTree = "<group>"; };
		85C83F1715A38C600037E342 /* CookieTests.h */ = {isa = PBXFileReference; lastKnownFileType = sourcecode.c.h; path = CookieTests.h; sourceTree = "<group>"; };
		85C83F1815A38C600037E342 /* CookieTests.m */ = {isa = PBXFileReference; lastKnownFileType = sourcecode.c.objc; path = CookieTests.m; sourceTree = "<group>"; };
		85C83F3D15A3A9100037E342 /* add_recipe.png */ = {isa = PBXFileReference; lastKnownFileType = image.png; path = add_recipe.png; sourceTree = "<group>"; };
		85C83F3E15A3A9100037E342 /* del_recipe.png */ = {isa = PBXFileReference; lastKnownFileType = image.png; path = del_recipe.png; sourceTree = "<group>"; };
		85C83F3F15A3A9100037E342 /* edit_recipe.png */ = {isa = PBXFileReference; lastKnownFileType = image.png; path = edit_recipe.png; sourceTree = "<group>"; };
		85C83F4015A3A9100037E342 /* Recipe-Book-icon.png */ = {isa = PBXFileReference; lastKnownFileType = image.png; path = "Recipe-Book-icon.png"; sourceTree = "<group>"; };
		85C83F4A15A3BD450037E342 /* CIRecipeDataSource.h */ = {isa = PBXFileReference; fileEncoding = 4; lastKnownFileType = sourcecode.c.h; path = CIRecipeDataSource.h; sourceTree = "<group>"; };
		85C83F4B15A3BD450037E342 /* CIRecipeDataSource.m */ = {isa = PBXFileReference; fileEncoding = 4; lastKnownFileType = sourcecode.c.objc; path = CIRecipeDataSource.m; sourceTree = "<group>"; };
		85C83F4E15A3BEE40037E342 /* CIRecipe.h */ = {isa = PBXFileReference; fileEncoding = 4; lastKnownFileType = sourcecode.c.h; path = CIRecipe.h; sourceTree = "<group>"; };
		85C83F4F15A3BEE40037E342 /* CIRecipe.m */ = {isa = PBXFileReference; fileEncoding = 4; lastKnownFileType = sourcecode.c.objc; path = CIRecipe.m; sourceTree = "<group>"; };
		85C83F5115A3BF7D0037E342 /* CIIngredient.h */ = {isa = PBXFileReference; fileEncoding = 4; lastKnownFileType = sourcecode.c.h; path = CIIngredient.h; sourceTree = "<group>"; };
		85C83F5215A3BF7D0037E342 /* CIIngredient.m */ = {isa = PBXFileReference; fileEncoding = 4; lastKnownFileType = sourcecode.c.objc; path = CIIngredient.m; sourceTree = "<group>"; };
		E97033CB15A7362D00B6622A /* CIImportController.h */ = {isa = PBXFileReference; fileEncoding = 4; lastKnownFileType = sourcecode.c.h; path = CIImportController.h; sourceTree = "<group>"; };
		E97033CC15A7362D00B6622A /* CIImportController.m */ = {isa = PBXFileReference; fileEncoding = 4; lastKnownFileType = sourcecode.c.objc; path = CIImportController.m; sourceTree = "<group>"; };
		E9891FCA15A8E8C6001F3031 /* CIIngredientDataSource.h */ = {isa = PBXFileReference; fileEncoding = 4; lastKnownFileType = sourcecode.c.h; path = CIIngredientDataSource.h; sourceTree = "<group>"; };
		E9891FCB15A8E8C6001F3031 /* CIIngredientDataSource.m */ = {isa = PBXFileReference; fileEncoding = 4; lastKnownFileType = sourcecode.c.objc; path = CIIngredientDataSource.m; sourceTree = "<group>"; };
		E9891FCD15A90FEE001F3031 /* CIDeleteRecipeController.h */ = {isa = PBXFileReference; fileEncoding = 4; lastKnownFileType = sourcecode.c.h; path = CIDeleteRecipeController.h; sourceTree = "<group>"; };
		E9891FCE15A90FEE001F3031 /* CIDeleteRecipeController.m */ = {isa = PBXFileReference; fileEncoding = 4; lastKnownFileType = sourcecode.c.objc; path = CIDeleteRecipeController.m; sourceTree = "<group>"; };
		E9891FD015A9156C001F3031 /* CIExportController.h */ = {isa = PBXFileReference; fileEncoding = 4; lastKnownFileType = sourcecode.c.h; path = CIExportController.h; sourceTree = "<group>"; };
		E9891FD115A9156D001F3031 /* CIExportController.m */ = {isa = PBXFileReference; fileEncoding = 4; lastKnownFileType = sourcecode.c.objc; path = CIExportController.m; sourceTree = "<group>"; };
		E98D82A915A4E24200ADE5C1 /* defineChange.h */ = {isa = PBXFileReference; fileEncoding = 4; lastKnownFileType = sourcecode.c.h; path = defineChange.h; sourceTree = "<group>"; };
		E99204B215A5BB8F00BCBD66 /* CIAddIngredientDataSource.h */ = {isa = PBXFileReference; fileEncoding = 4; lastKnownFileType = sourcecode.c.h; path = CIAddIngredientDataSource.h; sourceTree = "<group>"; };
		E99204B315A5BB8F00BCBD66 /* CIAddIngredientDataSource.m */ = {isa = PBXFileReference; fileEncoding = 4; lastKnownFileType = sourcecode.c.objc; path = CIAddIngredientDataSource.m; sourceTree = "<group>"; };
		E9AD807515A4BA0F009B77CE /* CIAddSheetController.h */ = {isa = PBXFileReference; fileEncoding = 4; lastKnownFileType = sourcecode.c.h; path = CIAddSheetController.h; sourceTree = "<group>"; };
		E9AD807615A4BA0F009B77CE /* CIAddSheetController.m */ = {isa = PBXFileReference; fileEncoding = 4; lastKnownFileType = sourcecode.c.objc; path = CIAddSheetController.m; sourceTree = "<group>"; };
		E9F046DC15A4984F003F2456 /* CIRecipeCell.h */ = {isa = PBXFileReference; fileEncoding = 4; lastKnownFileType = sourcecode.c.h; path = CIRecipeCell.h; sourceTree = "<group>"; };
		E9F046DD15A4984F003F2456 /* CIRecipeCell.m */ = {isa = PBXFileReference; fileEncoding = 4; lastKnownFileType = sourcecode.c.objc; path = CIRecipeCell.m; sourceTree = "<group>"; };
		F14E9E6215A3A32500216FA6 /* CIWindowController.h */ = {isa = PBXFileReference; fileEncoding = 4; lastKnownFileType = sourcecode.c.h; path = CIWindowController.h; sourceTree = "<group>"; };
		F14E9E6315A3A32500216FA6 /* CIWindowController.m */ = {isa = PBXFileReference; fileEncoding = 4; lastKnownFileType = sourcecode.c.objc; path = CIWindowController.m; sourceTree = "<group>"; };
/* End PBXFileReference section */

/* Begin PBXFrameworksBuildPhase section */
		85C83EE715A38C600037E342 /* Frameworks */ = {
			isa = PBXFrameworksBuildPhase;
			buildActionMask = 2147483647;
			files = (
				85C83EEF15A38C600037E342 /* Cocoa.framework in Frameworks */,
			);
			runOnlyForDeploymentPostprocessing = 0;
		};
		85C83F0715A38C600037E342 /* Frameworks */ = {
			isa = PBXFrameworksBuildPhase;
			buildActionMask = 2147483647;
			files = (
				85C83F0D15A38C600037E342 /* SenTestingKit.framework in Frameworks */,
				85C83F0E15A38C600037E342 /* Cocoa.framework in Frameworks */,
			);
			runOnlyForDeploymentPostprocessing = 0;
		};
/* End PBXFrameworksBuildPhase section */

/* Begin PBXGroup section */
		85C83EDF15A38C600037E342 = {
			isa = PBXGroup;
			children = (
				85C83F3D15A3A9100037E342 /* add_recipe.png */,
				85C83F3E15A3A9100037E342 /* del_recipe.png */,
				85C83F3F15A3A9100037E342 /* edit_recipe.png */,
				85C83F4015A3A9100037E342 /* Recipe-Book-icon.png */,
				85C83EF415A38C600037E342 /* Cookie */,
				85C83F1115A38C600037E342 /* CookieTests */,
				85C83EED15A38C600037E342 /* Frameworks */,
				85C83EEB15A38C600037E342 /* Products */,
			);
			sourceTree = "<group>";
		};
		85C83EEB15A38C600037E342 /* Products */ = {
			isa = PBXGroup;
			children = (
				85C83EEA15A38C600037E342 /* Cookie.app */,
				85C83F0B15A38C600037E342 /* CookieTests.octest */,
			);
			name = Products;
			sourceTree = "<group>";
		};
		85C83EED15A38C600037E342 /* Frameworks */ = {
			isa = PBXGroup;
			children = (
				85C83EEE15A38C600037E342 /* Cocoa.framework */,
				85C83F0C15A38C600037E342 /* SenTestingKit.framework */,
				85C83EF015A38C600037E342 /* Other Frameworks */,
			);
			name = Frameworks;
			sourceTree = "<group>";
		};
		85C83EF015A38C600037E342 /* Other Frameworks */ = {
			isa = PBXGroup;
			children = (
				85C83EF115A38C600037E342 /* AppKit.framework */,
				85C83EF215A38C600037E342 /* CoreData.framework */,
				85C83EF315A38C600037E342 /* Foundation.framework */,
			);
			name = "Other Frameworks";
			sourceTree = "<group>";
		};
		85C83EF415A38C600037E342 /* Cookie */ = {
			isa = PBXGroup;
			children = (
				E9F046DC15A4984F003F2456 /* CIRecipeCell.h */,
				E9F046DD15A4984F003F2456 /* CIRecipeCell.m */,
				85C83F0015A38C600037E342 /* CIAppDelegate.h */,
				85C83F0115A38C600037E342 /* CIAppDelegate.m */,
				85C83F0315A38C600037E342 /* MainMenu.xib */,
				F14E9E6215A3A32500216FA6 /* CIWindowController.h */,
				F14E9E6315A3A32500216FA6 /* CIWindowController.m */,
				85C83EF515A38C600037E342 /* Supporting Files */,
				85C83F4A15A3BD450037E342 /* CIRecipeDataSource.h */,
				85C83F4B15A3BD450037E342 /* CIRecipeDataSource.m */,
				E99204B215A5BB8F00BCBD66 /* CIAddIngredientDataSource.h */,
				E99204B315A5BB8F00BCBD66 /* CIAddIngredientDataSource.m */,
				E9891FCA15A8E8C6001F3031 /* CIIngredientDataSource.h */,
				E9891FCB15A8E8C6001F3031 /* CIIngredientDataSource.m */,
				85C83F4E15A3BEE40037E342 /* CIRecipe.h */,
				85C83F4F15A3BEE40037E342 /* CIRecipe.m */,
				85C83F5115A3BF7D0037E342 /* CIIngredient.h */,
				85C83F5215A3BF7D0037E342 /* CIIngredient.m */,
				E98D82A915A4E24200ADE5C1 /* defineChange.h */,
				E9AD807515A4BA0F009B77CE /* CIAddSheetController.h */,
				E9AD807615A4BA0F009B77CE /* CIAddSheetController.m */,
				E97033CB15A7362D00B6622A /* CIImportController.h */,
				E97033CC15A7362D00B6622A /* CIImportController.m */,
				E9891FD015A9156C001F3031 /* CIExportController.h */,
				E9891FD115A9156D001F3031 /* CIExportController.m */,
				E9891FCD15A90FEE001F3031 /* CIDeleteRecipeController.h */,
				E9891FCE15A90FEE001F3031 /* CIDeleteRecipeController.m */,
			);
			path = Cookie;
			sourceTree = "<group>";
		};
		85C83EF515A38C600037E342 /* Supporting Files */ = {
			isa = PBXGroup;
			children = (
				85C83EF615A38C600037E342 /* Cookie-Info.plist */,
				85C83EF715A38C600037E342 /* InfoPlist.strings */,
				85C83EFA15A38C600037E342 /* main.m */,
				85C83EFC15A38C600037E342 /* Cookie-Prefix.pch */,
				85C83EFD15A38C600037E342 /* Credits.rtf */,
			);
			name = "Supporting Files";
			sourceTree = "<group>";
		};
		85C83F1115A38C600037E342 /* CookieTests */ = {
			isa = PBXGroup;
			children = (
				85C83F1715A38C600037E342 /* CookieTests.h */,
				85C83F1815A38C600037E342 /* CookieTests.m */,
				85C83F1215A38C600037E342 /* Supporting Files */,
			);
			path = CookieTests;
			sourceTree = "<group>";
		};
		85C83F1215A38C600037E342 /* Supporting Files */ = {
			isa = PBXGroup;
			children = (
				85C83F1315A38C600037E342 /* CookieTests-Info.plist */,
				85C83F1415A38C600037E342 /* InfoPlist.strings */,
			);
			name = "Supporting Files";
			sourceTree = "<group>";
		};
/* End PBXGroup section */

/* Begin PBXNativeTarget section */
		85C83EE915A38C600037E342 /* Cookie */ = {
			isa = PBXNativeTarget;
			buildConfigurationList = 85C83F1C15A38C600037E342 /* Build configuration list for PBXNativeTarget "Cookie" */;
			buildPhases = (
				85C83EE615A38C600037E342 /* Sources */,
				85C83EE715A38C600037E342 /* Frameworks */,
				85C83EE815A38C600037E342 /* Resources */,
			);
			buildRules = (
			);
			dependencies = (
			);
			name = Cookie;
			productName = Cookie;
			productReference = 85C83EEA15A38C600037E342 /* Cookie.app */;
			productType = "com.apple.product-type.application";
		};
		85C83F0A15A38C600037E342 /* CookieTests */ = {
			isa = PBXNativeTarget;
			buildConfigurationList = 85C83F1F15A38C600037E342 /* Build configuration list for PBXNativeTarget "CookieTests" */;
			buildPhases = (
				85C83F0615A38C600037E342 /* Sources */,
				85C83F0715A38C600037E342 /* Frameworks */,
				85C83F0815A38C600037E342 /* Resources */,
				85C83F0915A38C600037E342 /* ShellScript */,
			);
			buildRules = (
			);
			dependencies = (
				85C83F1015A38C600037E342 /* PBXTargetDependency */,
			);
			name = CookieTests;
			productName = CookieTests;
			productReference = 85C83F0B15A38C600037E342 /* CookieTests.octest */;
			productType = "com.apple.product-type.bundle";
		};
/* End PBXNativeTarget section */

/* Begin PBXProject section */
		85C83EE115A38C600037E342 /* Project object */ = {
			isa = PBXProject;
			attributes = {
				CLASSPREFIX = CI;
				LastUpgradeCheck = 0430;
				ORGANIZATIONNAME = EPITA;
			};
			buildConfigurationList = 85C83EE415A38C600037E342 /* Build configuration list for PBXProject "Cookie" */;
			compatibilityVersion = "Xcode 3.2";
			developmentRegion = English;
			hasScannedForEncodings = 0;
			knownRegions = (
				en,
			);
			mainGroup = 85C83EDF15A38C600037E342;
			productRefGroup = 85C83EEB15A38C600037E342 /* Products */;
			projectDirPath = "";
			projectRoot = "";
			targets = (
				85C83EE915A38C600037E342 /* Cookie */,
				85C83F0A15A38C600037E342 /* CookieTests */,
			);
		};
/* End PBXProject section */

/* Begin PBXResourcesBuildPhase section */
		85C83EE815A38C600037E342 /* Resources */ = {
			isa = PBXResourcesBuildPhase;
			buildActionMask = 2147483647;
			files = (
				85C83EF915A38C600037E342 /* InfoPlist.strings in Resources */,
				85C83EFF15A38C600037E342 /* Credits.rtf in Resources */,
				85C83F0515A38C600037E342 /* MainMenu.xib in Resources */,
				85C83F4115A3A9100037E342 /* add_recipe.png in Resources */,
				85C83F4215A3A9100037E342 /* del_recipe.png in Resources */,
				85C83F4315A3A9100037E342 /* edit_recipe.png in Resources */,
				85C83F4415A3A9100037E342 /* Recipe-Book-icon.png in Resources */,
			);
			runOnlyForDeploymentPostprocessing = 0;
		};
		85C83F0815A38C600037E342 /* Resources */ = {
			isa = PBXResourcesBuildPhase;
			buildActionMask = 2147483647;
			files = (
				85C83F1615A38C600037E342 /* InfoPlist.strings in Resources */,
			);
			runOnlyForDeploymentPostprocessing = 0;
		};
/* End PBXResourcesBuildPhase section */

/* Begin PBXShellScriptBuildPhase section */
		85C83F0915A38C600037E342 /* ShellScript */ = {
			isa = PBXShellScriptBuildPhase;
			buildActionMask = 2147483647;
			files = (
			);
			inputPaths = (
			);
			outputPaths = (
			);
			runOnlyForDeploymentPostprocessing = 0;
			shellPath = /bin/sh;
			shellScript = "# Run the unit tests in this test bundle.\n\"${SYSTEM_DEVELOPER_DIR}/Tools/RunUnitTests\"\n";
		};
/* End PBXShellScriptBuildPhase section */

/* Begin PBXSourcesBuildPhase section */
		85C83EE615A38C600037E342 /* Sources */ = {
			isa = PBXSourcesBuildPhase;
			buildActionMask = 2147483647;
			files = (
				85C83EFB15A38C600037E342 /* main.m in Sources */,
				85C83F0215A38C600037E342 /* CIAppDelegate.m in Sources */,
				F14E9E6415A3A32500216FA6 /* CIWindowController.m in Sources */,
				85C83F4C15A3BD450037E342 /* CIRecipeDataSource.m in Sources */,
				85C83F5015A3BEE40037E342 /* CIRecipe.m in Sources */,
				85C83F5315A3BF7D0037E342 /* CIIngredient.m in Sources */,
				E9F046DE15A4984F003F2456 /* CIRecipeCell.m in Sources */,
				E9AD807715A4BA0F009B77CE /* CIAddSheetController.m in Sources */,
				E99204B415A5BB8F00BCBD66 /* CIAddIngredientDataSource.m in Sources */,
				E97033CD15A7362D00B6622A /* CIImportController.m in Sources */,
				E9891FCC15A8E8C6001F3031 /* CIIngredientDataSource.m in Sources */,
				E9891FCF15A90FEE001F3031 /* CIDeleteRecipeController.m in Sources */,
				E9891FD215A9156D001F3031 /* CIExportController.m in Sources */,
			);
			runOnlyForDeploymentPostprocessing = 0;
		};
		85C83F0615A38C600037E342 /* Sources */ = {
			isa = PBXSourcesBuildPhase;
			buildActionMask = 2147483647;
			files = (
				85C83F1915A38C600037E342 /* CookieTests.m in Sources */,
			);
			runOnlyForDeploymentPostprocessing = 0;
		};
/* End PBXSourcesBuildPhase section */

/* Begin PBXTargetDependency section */
		85C83F1015A38C600037E342 /* PBXTargetDependency */ = {
			isa = PBXTargetDependency;
			target = 85C83EE915A38C600037E342 /* Cookie */;
			targetProxy = 85C83F0F15A38C600037E342 /* PBXContainerItemProxy */;
		};
/* End PBXTargetDependency section */

/* Begin PBXVariantGroup section */
		85C83EF715A38C600037E342 /* InfoPlist.strings */ = {
			isa = PBXVariantGroup;
			children = (
				85C83EF815A38C600037E342 /* en */,
			);
			name = InfoPlist.strings;
			sourceTree = "<group>";
		};
		85C83EFD15A38C600037E342 /* Credits.rtf */ = {
			isa = PBXVariantGroup;
			children = (
				85C83EFE15A38C600037E342 /* en */,
			);
			name = Credits.rtf;
			sourceTree = "<group>";
		};
		85C83F0315A38C600037E342 /* MainMenu.xib */ = {
			isa = PBXVariantGroup;
			children = (
				85C83F0415A38C600037E342 /* en */,
			);
			name = MainMenu.xib;
			sourceTree = "<group>";
		};
		85C83F1415A38C600037E342 /* InfoPlist.strings */ = {
			isa = PBXVariantGroup;
			children = (
				85C83F1515A38C600037E342 /* en */,
			);
			name = InfoPlist.strings;
			sourceTree = "<group>";
		};
/* End PBXVariantGroup section */

/* Begin XCBuildConfiguration section */
		85C83F1A15A38C600037E342 /* Debug */ = {
			isa = XCBuildConfiguration;
			buildSettings = {
				ALWAYS_SEARCH_USER_PATHS = NO;
				ARCHS = "$(ARCHS_STANDARD_64_BIT)";
				COPY_PHASE_STRIP = NO;
				GCC_C_LANGUAGE_STANDARD = gnu99;
				GCC_DYNAMIC_NO_PIC = NO;
				GCC_ENABLE_OBJC_EXCEPTIONS = YES;
				GCC_OPTIMIZATION_LEVEL = 0;
				GCC_PREPROCESSOR_DEFINITIONS = (
					"DEBUG=1",
					"$(inherited)",
				);
				GCC_SYMBOLS_PRIVATE_EXTERN = NO;
				GCC_VERSION = com.apple.compilers.llvm.clang.1_0;
				GCC_WARN_64_TO_32_BIT_CONVERSION = YES;
				GCC_WARN_ABOUT_RETURN_TYPE = YES;
				GCC_WARN_UNINITIALIZED_AUTOS = YES;
				GCC_WARN_UNUSED_VARIABLE = YES;
				MACOSX_DEPLOYMENT_TARGET = 10.6;
				ONLY_ACTIVE_ARCH = YES;
				SDKROOT = macosx;
			};
			name = Debug;
		};
		85C83F1B15A38C600037E342 /* Release */ = {
			isa = XCBuildConfiguration;
			buildSettings = {
				ALWAYS_SEARCH_USER_PATHS = NO;
				ARCHS = "$(ARCHS_STANDARD_64_BIT)";
				COPY_PHASE_STRIP = YES;
				DEBUG_INFORMATION_FORMAT = "dwarf-with-dsym";
				GCC_C_LANGUAGE_STANDARD = gnu99;
				GCC_ENABLE_OBJC_EXCEPTIONS = YES;
				GCC_VERSION = com.apple.compilers.llvm.clang.1_0;
				GCC_WARN_64_TO_32_BIT_CONVERSION = YES;
				GCC_WARN_ABOUT_RETURN_TYPE = YES;
				GCC_WARN_UNINITIALIZED_AUTOS = YES;
				GCC_WARN_UNUSED_VARIABLE = YES;
				MACOSX_DEPLOYMENT_TARGET = 10.6;
				SDKROOT = macosx;
			};
			name = Release;
		};
		85C83F1D15A38C600037E342 /* Debug */ = {
			isa = XCBuildConfiguration;
			buildSettings = {
				GCC_PRECOMPILE_PREFIX_HEADER = YES;
				GCC_PREFIX_HEADER = "Cookie/Cookie-Prefix.pch";
				INFOPLIST_FILE = "Cookie/Cookie-Info.plist";
				MACOSX_DEPLOYMENT_TARGET = 10.7;
				PRODUCT_NAME = "$(TARGET_NAME)";
				SDKROOT = macosx;
				WRAPPER_EXTENSION = app;
			};
			name = Debug;
		};
		85C83F1E15A38C600037E342 /* Release */ = {
			isa = XCBuildConfiguration;
			buildSettings = {
				GCC_PRECOMPILE_PREFIX_HEADER = YES;
				GCC_PREFIX_HEADER = "Cookie/Cookie-Prefix.pch";
				INFOPLIST_FILE = "Cookie/Cookie-Info.plist";
				MACOSX_DEPLOYMENT_TARGET = 10.7;
				PRODUCT_NAME = "$(TARGET_NAME)";
				SDKROOT = macosx;
				WRAPPER_EXTENSION = app;
			};
			name = Release;
		};
		85C83F2015A38C600037E342 /* Debug */ = {
			isa = XCBuildConfiguration;
			buildSettings = {
				BUNDLE_LOADER = "$(BUILT_PRODUCTS_DIR)/Cookie.app/Contents/MacOS/Cookie";
				FRAMEWORK_SEARCH_PATHS = "$(DEVELOPER_LIBRARY_DIR)/Frameworks";
				GCC_PRECOMPILE_PREFIX_HEADER = YES;
				GCC_PREFIX_HEADER = "Cookie/Cookie-Prefix.pch";
				INFOPLIST_FILE = "CookieTests/CookieTests-Info.plist";
				PRODUCT_NAME = "$(TARGET_NAME)";
				TEST_HOST = "$(BUNDLE_LOADER)";
				WRAPPER_EXTENSION = octest;
			};
			name = Debug;
		};
		85C83F2115A38C600037E342 /* Release */ = {
			isa = XCBuildConfiguration;
			buildSettings = {
				BUNDLE_LOADER = "$(BUILT_PRODUCTS_DIR)/Cookie.app/Contents/MacOS/Cookie";
				FRAMEWORK_SEARCH_PATHS = "$(DEVELOPER_LIBRARY_DIR)/Frameworks";
				GCC_PRECOMPILE_PREFIX_HEADER = YES;
				GCC_PREFIX_HEADER = "Cookie/Cookie-Prefix.pch";
				INFOPLIST_FILE = "CookieTests/CookieTests-Info.plist";
				PRODUCT_NAME = "$(TARGET_NAME)";
				TEST_HOST = "$(BUNDLE_LOADER)";
				WRAPPER_EXTENSION = octest;
			};
			name = Release;
		};
/* End XCBuildConfiguration section */

/* Begin XCConfigurationList section */
		85C83EE415A38C600037E342 /* Build configuration list for PBXProject "Cookie" */ = {
			isa = XCConfigurationList;
			buildConfigurations = (
				85C83F1A15A38C600037E342 /* Debug */,
				85C83F1B15A38C600037E342 /* Release */,
			);
			defaultConfigurationIsVisible = 0;
			defaultConfigurationName = Release;
		};
		85C83F1C15A38C600037E342 /* Build configuration list for PBXNativeTarget "Cookie" */ = {
			isa = XCConfigurationList;
			buildConfigurations = (
				85C83F1D15A38C600037E342 /* Debug */,
				85C83F1E15A38C600037E342 /* Release */,
			);
			defaultConfigurationIsVisible = 0;
			defaultConfigurationName = Release;
		};
		85C83F1F15A38C600037E342 /* Build configuration list for PBXNativeTarget "CookieTests" */ = {
			isa = XCConfigurationList;
			buildConfigurations = (
				85C83F2015A38C600037E342 /* Debug */,
				85C83F2115A38C600037E342 /* Release */,
			);
			defaultConfigurationIsVisible = 0;
			defaultConfigurationName = Release;
		};
/* End XCConfigurationList section */
	};
	rootObject = 85C83EE115A38C600037E342 /* Project object */;
}
